// !$*UTF8*$!
{
	archiveVersion = 1;
	classes = {
	};
	objectVersion = 50;
	objects = {

/* Begin PBXBuildFile section */
		3F8FE3A325C84FFB001821FF /* StonesTestApp.swift in Sources */ = {isa = PBXBuildFile; fileRef = 3F8FE3A225C84FFB001821FF /* StonesTestApp.swift */; };
		3F8FE3A525C84FFB001821FF /* ContentView.swift in Sources */ = {isa = PBXBuildFile; fileRef = 3F8FE3A425C84FFB001821FF /* ContentView.swift */; };
		3F8FE3A725C84FFD001821FF /* Assets.xcassets in Resources */ = {isa = PBXBuildFile; fileRef = 3F8FE3A625C84FFD001821FF /* Assets.xcassets */; };
		3F8FE3AA25C84FFD001821FF /* Preview Assets.xcassets in Resources */ = {isa = PBXBuildFile; fileRef = 3F8FE3A925C84FFD001821FF /* Preview Assets.xcassets */; };
		3F96129825C9CAEB00AD8025 /* StoneViewModel.swift in Sources */ = {isa = PBXBuildFile; fileRef = 3F96129725C9CAEB00AD8025 /* StoneViewModel.swift */; };
		3FEFFE2325C8A54900543395 /* Color.swift in Sources */ = {isa = PBXBuildFile; fileRef = 3FEFFE2225C8A54900543395 /* Color.swift */; };
		3FEFFE2725C8A56B00543395 /* AnyTransition.swift in Sources */ = {isa = PBXBuildFile; fileRef = 3FEFFE2625C8A56B00543395 /* AnyTransition.swift */; };
		3FEFFE2B25C8A5E600543395 /* CustomRectangle.swift in Sources */ = {isa = PBXBuildFile; fileRef = 3FEFFE2A25C8A5E600543395 /* CustomRectangle.swift */; };
/* End PBXBuildFile section */

/* Begin PBXFileReference section */
		3F8FE39F25C84FFB001821FF /* StonesTest.app */ = {isa = PBXFileReference; explicitFileType = wrapper.application; includeInIndex = 0; path = StonesTest.app; sourceTree = BUILT_PRODUCTS_DIR; };
		3F8FE3A225C84FFB001821FF /* StonesTestApp.swift */ = {isa = PBXFileReference; lastKnownFileType = sourcecode.swift; path = StonesTestApp.swift; sourceTree = "<group>"; };
		3F8FE3A425C84FFB001821FF /* ContentView.swift */ = {isa = PBXFileReference; lastKnownFileType = sourcecode.swift; path = ContentView.swift; sourceTree = "<group>"; };
		3F8FE3A625C84FFD001821FF /* Assets.xcassets */ = {isa = PBXFileReference; lastKnownFileType = folder.assetcatalog; path = Assets.xcassets; sourceTree = "<group>"; };
		3F8FE3A925C84FFD001821FF /* Preview Assets.xcassets */ = {isa = PBXFileReference; lastKnownFileType = folder.assetcatalog; path = "Preview Assets.xcassets"; sourceTree = "<group>"; };
		3F8FE3AB25C84FFD001821FF /* Info.plist */ = {isa = PBXFileReference; lastKnownFileType = text.plist.xml; path = Info.plist; sourceTree = "<group>"; };
		3F96129725C9CAEB00AD8025 /* StoneViewModel.swift */ = {isa = PBXFileReference; lastKnownFileType = sourcecode.swift; path = StoneViewModel.swift; sourceTree = "<group>"; };
		3FEFFE2225C8A54900543395 /* Color.swift */ = {isa = PBXFileReference; lastKnownFileType = sourcecode.swift; path = Color.swift; sourceTree = "<group>"; };
		3FEFFE2625C8A56B00543395 /* AnyTransition.swift */ = {isa = PBXFileReference; lastKnownFileType = sourcecode.swift; path = AnyTransition.swift; sourceTree = "<group>"; };
		3FEFFE2A25C8A5E600543395 /* CustomRectangle.swift */ = {isa = PBXFileReference; lastKnownFileType = sourcecode.swift; path = CustomRectangle.swift; sourceTree = "<group>"; };
/* End PBXFileReference section */

/* Begin PBXFrameworksBuildPhase section */
		3F8FE39C25C84FFB001821FF /* Frameworks */ = {
			isa = PBXFrameworksBuildPhase;
			buildActionMask = 2147483647;
			files = (
			);
			runOnlyForDeploymentPostprocessing = 0;
		};
/* End PBXFrameworksBuildPhase section */

/* Begin PBXGroup section */
		3F8FE39625C84FFA001821FF = {
			isa = PBXGroup;
			children = (
				3F8FE3A125C84FFB001821FF /* StonesTest */,
				3F8FE3A025C84FFB001821FF /* Products */,
			);
			sourceTree = "<group>";
		};
		3F8FE3A025C84FFB001821FF /* Products */ = {
			isa = PBXGroup;
			children = (
				3F8FE39F25C84FFB001821FF /* StonesTest.app */,
			);
			name = Products;
			sourceTree = "<group>";
		};
		3F8FE3A125C84FFB001821FF /* StonesTest */ = {
			isa = PBXGroup;
			children = (
				3F96129625C9CADA00AD8025 /* ViewModels */,
				3FEFFE2925C8A5D900543395 /* Models */,
				3FEFFE2125C8A53900543395 /* Extensions */,
				3F8FE3A225C84FFB001821FF /* StonesTestApp.swift */,
				3F8FE3A425C84FFB001821FF /* ContentView.swift */,
				3F8FE3A625C84FFD001821FF /* Assets.xcassets */,
				3F8FE3AB25C84FFD001821FF /* Info.plist */,
				3F8FE3A825C84FFD001821FF /* Preview Content */,
			);
			path = StonesTest;
			sourceTree = "<group>";
		};
		3F8FE3A825C84FFD001821FF /* Preview Content */ = {
			isa = PBXGroup;
			children = (
				3F8FE3A925C84FFD001821FF /* Preview Assets.xcassets */,
			);
			path = "Preview Content";
			sourceTree = "<group>";
		};
		3F96129625C9CADA00AD8025 /* ViewModels */ = {
			isa = PBXGroup;
			children = (
				3F96129725C9CAEB00AD8025 /* StoneViewModel.swift */,
			);
			path = ViewModels;
			sourceTree = "<group>";
		};
		3FEFFE2125C8A53900543395 /* Extensions */ = {
			isa = PBXGroup;
			children = (
				3FEFFE2225C8A54900543395 /* Color.swift */,
				3FEFFE2625C8A56B00543395 /* AnyTransition.swift */,
			);
			path = Extensions;
			sourceTree = "<group>";
		};
		3FEFFE2925C8A5D900543395 /* Models */ = {
			isa = PBXGroup;
			children = (
				3FEFFE2A25C8A5E600543395 /* CustomRectangle.swift */,
			);
			path = Models;
			sourceTree = "<group>";
		};
/* End PBXGroup section */

/* Begin PBXNativeTarget section */
		3F8FE39E25C84FFB001821FF /* StonesTest */ = {
			isa = PBXNativeTarget;
			buildConfigurationList = 3F8FE3AE25C84FFD001821FF /* Build configuration list for PBXNativeTarget "StonesTest" */;
			buildPhases = (
				3F8FE39B25C84FFB001821FF /* Sources */,
				3F8FE39C25C84FFB001821FF /* Frameworks */,
				3F8FE39D25C84FFB001821FF /* Resources */,
			);
			buildRules = (
			);
			dependencies = (
			);
			name = StonesTest;
			productName = StonesTest;
			productReference = 3F8FE39F25C84FFB001821FF /* StonesTest.app */;
			productType = "com.apple.product-type.application";
		};
/* End PBXNativeTarget section */

/* Begin PBXProject section */
		3F8FE39725C84FFA001821FF /* Project object */ = {
			isa = PBXProject;
			attributes = {
				LastSwiftUpdateCheck = 1240;
				LastUpgradeCheck = 1240;
				TargetAttributes = {
					3F8FE39E25C84FFB001821FF = {
						CreatedOnToolsVersion = 12.4;
					};
				};
			};
			buildConfigurationList = 3F8FE39A25C84FFA001821FF /* Build configuration list for PBXProject "StonesTest" */;
			compatibilityVersion = "Xcode 9.3";
			developmentRegion = en;
			hasScannedForEncodings = 0;
			knownRegions = (
				en,
				Base,
			);
			mainGroup = 3F8FE39625C84FFA001821FF;
			productRefGroup = 3F8FE3A025C84FFB001821FF /* Products */;
			projectDirPath = "";
			projectRoot = "";
			targets = (
				3F8FE39E25C84FFB001821FF /* StonesTest */,
			);
		};
/* End PBXProject section */

/* Begin PBXResourcesBuildPhase section */
		3F8FE39D25C84FFB001821FF /* Resources */ = {
			isa = PBXResourcesBuildPhase;
			buildActionMask = 2147483647;
			files = (
				3F8FE3AA25C84FFD001821FF /* Preview Assets.xcassets in Resources */,
				3F8FE3A725C84FFD001821FF /* Assets.xcassets in Resources */,
			);
			runOnlyForDeploymentPostprocessing = 0;
		};
/* End PBXResourcesBuildPhase section */

/* Begin PBXSourcesBuildPhase section */
		3F8FE39B25C84FFB001821FF /* Sources */ = {
			isa = PBXSourcesBuildPhase;
			buildActionMask = 2147483647;
			files = (
				3FEFFE2B25C8A5E600543395 /* CustomRectangle.swift in Sources */,
				3F8FE3A525C84FFB001821FF /* ContentView.swift in Sources */,
				3FEFFE2725C8A56B00543395 /* AnyTransition.swift in Sources */,
				3F8FE3A325C84FFB001821FF /* StonesTestApp.swift in Sources */,
				3F96129825C9CAEB00AD8025 /* StoneViewModel.swift in Sources */,
				3FEFFE2325C8A54900543395 /* Color.swift in Sources */,
			);
			runOnlyForDeploymentPostprocessing = 0;
		};
/* End PBXSourcesBuildPhase section */

/* Begin XCBuildConfiguration section */
		3F8FE3AC25C84FFD001821FF /* Debug */ = {
			isa = XCBuildConfiguration;
			buildSettings = {
				ALWAYS_SEARCH_USER_PATHS = NO;
				CLANG_ANALYZER_NONNULL = YES;
				CLANG_ANALYZER_NUMBER_OBJECT_CONVERSION = YES_AGGRESSIVE;
				CLANG_CXX_LANGUAGE_STANDARD = "gnu++14";
				CLANG_CXX_LIBRARY = "libc++";
				CLANG_ENABLE_MODULES = YES;
				CLANG_ENABLE_OBJC_ARC = YES;
				CLANG_ENABLE_OBJC_WEAK = YES;
				CLANG_WARN_BLOCK_CAPTURE_AUTORELEASING = YES;
				CLANG_WARN_BOOL_CONVERSION = YES;
				CLANG_WARN_COMMA = YES;
				CLANG_WARN_CONSTANT_CONVERSION = YES;
				CLANG_WARN_DEPRECATED_OBJC_IMPLEMENTATIONS = YES;
				CLANG_WARN_DIRECT_OBJC_ISA_USAGE = YES_ERROR;
				CLANG_WARN_DOCUMENTATION_COMMENTS = YES;
				CLANG_WARN_EMPTY_BODY = YES;
				CLANG_WARN_ENUM_CONVERSION = YES;
				CLANG_WARN_INFINITE_RECURSION = YES;
				CLANG_WARN_INT_CONVERSION = YES;
				CLANG_WARN_NON_LITERAL_NULL_CONVERSION = YES;
				CLANG_WARN_OBJC_IMPLICIT_RETAIN_SELF = YES;
				CLANG_WARN_OBJC_LITERAL_CONVERSION = YES;
				CLANG_WARN_OBJC_ROOT_CLASS = YES_ERROR;
				CLANG_WARN_QUOTED_INCLUDE_IN_FRAMEWORK_HEADER = YES;
				CLANG_WARN_RANGE_LOOP_ANALYSIS = YES;
				CLANG_WARN_STRICT_PROTOTYPES = YES;
				CLANG_WARN_SUSPICIOUS_MOVE = YES;
				CLANG_WARN_UNGUARDED_AVAILABILITY = YES_AGGRESSIVE;
				CLANG_WARN_UNREACHABLE_CODE = YES;
				CLANG_WARN__DUPLICATE_METHOD_MATCH = YES;
				COPY_PHASE_STRIP = NO;
				DEBUG_INFORMATION_FORMAT = dwarf;
				ENABLE_STRICT_OBJC_MSGSEND = YES;
				ENABLE_TESTABILITY = YES;
				GCC_C_LANGUAGE_STANDARD = gnu11;
				GCC_DYNAMIC_NO_PIC = NO;
				GCC_NO_COMMON_BLOCKS = YES;
				GCC_OPTIMIZATION_LEVEL = 0;
				GCC_PREPROCESSOR_DEFINITIONS = (
					"DEBUG=1",
					"$(inherited)",
				);
				GCC_WARN_64_TO_32_BIT_CONVERSION = YES;
				GCC_WARN_ABOUT_RETURN_TYPE = YES_ERROR;
				GCC_WARN_UNDECLARED_SELECTOR = YES;
				GCC_WARN_UNINITIALIZED_AUTOS = YES_AGGRESSIVE;
				GCC_WARN_UNUSED_FUNCTION = YES;
				GCC_WARN_UNUSED_VARIABLE = YES;
				IPHONEOS_DEPLOYMENT_TARGET = 14.4;
				MTL_ENABLE_DEBUG_INFO = INCLUDE_SOURCE;
				MTL_FAST_MATH = YES;
				ONLY_ACTIVE_ARCH = YES;
				SDKROOT = iphoneos;
				SWIFT_ACTIVE_COMPILATION_CONDITIONS = DEBUG;
				SWIFT_OPTIMIZATION_LEVEL = "-Onone";
			};
			name = Debug;
		};
		3F8FE3AD25C84FFD001821FF /* Release */ = {
			isa = XCBuildConfiguration;
			buildSettings = {
				ALWAYS_SEARCH_USER_PATHS = NO;
				CLANG_ANALYZER_NONNULL = YES;
				CLANG_ANALYZER_NUMBER_OBJECT_CONVERSION = YES_AGGRESSIVE;
				CLANG_CXX_LANGUAGE_STANDARD = "gnu++14";
				CLANG_CXX_LIBRARY = "libc++";
				CLANG_ENABLE_MODULES = YES;
				CLANG_ENABLE_OBJC_ARC = YES;
				CLANG_ENABLE_OBJC_WEAK = YES;
				CLANG_WARN_BLOCK_CAPTURE_AUTORELEASING = YES;
				CLANG_WARN_BOOL_CONVERSION = YES;
				CLANG_WARN_COMMA = YES;
				CLANG_WARN_CONSTANT_CONVERSION = YES;
				CLANG_WARN_DEPRECATED_OBJC_IMPLEMENTATIONS = YES;
				CLANG_WARN_DIRECT_OBJC_ISA_USAGE = YES_ERROR;
				CLANG_WARN_DOCUMENTATION_COMMENTS = YES;
				CLANG_WARN_EMPTY_BODY = YES;
				CLANG_WARN_ENUM_CONVERSION = YES;
				CLANG_WARN_INFINITE_RECURSION = YES;
				CLANG_WARN_INT_CONVERSION = YES;
				CLANG_WARN_NON_LITERAL_NULL_CONVERSION = YES;
				CLANG_WARN_OBJC_IMPLICIT_RETAIN_SELF = YES;
				CLANG_WARN_OBJC_LITERAL_CONVERSION = YES;
				CLANG_WARN_OBJC_ROOT_CLASS = YES_ERROR;
				CLANG_WARN_QUOTED_INCLUDE_IN_FRAMEWORK_HEADER = YES;
				CLANG_WARN_RANGE_LOOP_ANALYSIS = YES;
				CLANG_WARN_STRICT_PROTOTYPES = YES;
				CLANG_WARN_SUSPICIOUS_MOVE = YES;
				CLANG_WARN_UNGUARDED_AVAILABILITY = YES_AGGRESSIVE;
				CLANG_WARN_UNREACHABLE_CODE = YES;
				CLANG_WARN__DUPLICATE_METHOD_MATCH = YES;
				COPY_PHASE_STRIP = NO;
				DEBUG_INFORMATION_FORMAT = "dwarf-with-dsym";
				ENABLE_NS_ASSERTIONS = NO;
				ENABLE_STRICT_OBJC_MSGSEND = YES;
				GCC_C_LANGUAGE_STANDARD = gnu11;
				GCC_NO_COMMON_BLOCKS = YES;
				GCC_WARN_64_TO_32_BIT_CONVERSION = YES;
				GCC_WARN_ABOUT_RETURN_TYPE = YES_ERROR;
				GCC_WARN_UNDECLARED_SELECTOR = YES;
				GCC_WARN_UNINITIALIZED_AUTOS = YES_AGGRESSIVE;
				GCC_WARN_UNUSED_FUNCTION = YES;
				GCC_WARN_UNUSED_VARIABLE = YES;
				IPHONEOS_DEPLOYMENT_TARGET = 14.4;
				MTL_ENABLE_DEBUG_INFO = NO;
				MTL_FAST_MATH = YES;
				SDKROOT = iphoneos;
				SWIFT_COMPILATION_MODE = wholemodule;
				SWIFT_OPTIMIZATION_LEVEL = "-O";
				VALIDATE_PRODUCT = YES;
			};
			name = Release;
		};
		3F8FE3AF25C84FFD001821FF /* Debug */ = {
			isa = XCBuildConfiguration;
			buildSettings = {
				ASSETCATALOG_COMPILER_APPICON_NAME = AppIcon;
				ASSETCATALOG_COMPILER_GLOBAL_ACCENT_COLOR_NAME = AccentColor;
				CODE_SIGN_STYLE = Automatic;
				DEVELOPMENT_ASSET_PATHS = "\"StonesTest/Preview Content\"";
				DEVELOPMENT_TEAM = U7A6UXNX6W;
				ENABLE_PREVIEWS = YES;
				INFOPLIST_FILE = StonesTest/Info.plist;
				IPHONEOS_DEPLOYMENT_TARGET = 14.0;
				LD_RUNPATH_SEARCH_PATHS = (
					"$(inherited)",
					"@executable_path/Frameworks",
				);
				PRODUCT_BUNDLE_IDENTIFIER = mlisitsa.StonesTest;
				PRODUCT_NAME = "$(TARGET_NAME)";
				SWIFT_VERSION = 5.0;
				TARGETED_DEVICE_FAMILY = "1,2";
			};
			name = Debug;
		};
		3F8FE3B025C84FFD001821FF /* Release */ = {
			isa = XCBuildConfiguration;
			buildSettings = {
				ASSETCATALOG_COMPILER_APPICON_NAME = AppIcon;
				ASSETCATALOG_COMPILER_GLOBAL_ACCENT_COLOR_NAME = AccentColor;
				CODE_SIGN_STYLE = Automatic;
				DEVELOPMENT_ASSET_PATHS = "\"StonesTest/Preview Content\"";
				DEVELOPMENT_TEAM = U7A6UXNX6W;
				ENABLE_PREVIEWS = YES;
				INFOPLIST_FILE = StonesTest/Info.plist;
				IPHONEOS_DEPLOYMENT_TARGET = 14.0;
				LD_RUNPATH_SEARCH_PATHS = (
					"$(inherited)",
					"@executable_path/Frameworks",
				);
				PRODUCT_BUNDLE_IDENTIFIER = mlisitsa.StonesTest;
				PRODUCT_NAME = "$(TARGET_NAME)";
				SWIFT_VERSION = 5.0;
				TARGETED_DEVICE_FAMILY = "1,2";
			};
			name = Release;
		};
/* End XCBuildConfiguration section */

/* Begin XCConfigurationList section */
		3F8FE39A25C84FFA001821FF /* Build configuration list for PBXProject "StonesTest" */ = {
			isa = XCConfigurationList;
			buildConfigurations = (
				3F8FE3AC25C84FFD001821FF /* Debug */,
				3F8FE3AD25C84FFD001821FF /* Release */,
			);
			defaultConfigurationIsVisible = 0;
			defaultConfigurationName = Release;
		};
		3F8FE3AE25C84FFD001821FF /* Build configuration list for PBXNativeTarget "StonesTest" */ = {
			isa = XCConfigurationList;
			buildConfigurations = (
				3F8FE3AF25C84FFD001821FF /* Debug */,
				3F8FE3B025C84FFD001821FF /* Release */,
			);
			defaultConfigurationIsVisible = 0;
			defaultConfigurationName = Release;
		};
/* End XCConfigurationList section */
	};
	rootObject = 3F8FE39725C84FFA001821FF /* Project object */;
}
